
Microsoft Visual Studio Solution File, Format Version 12.00
# Visual Studio 14
VisualStudioVersion = 14.0.25420.1
MinimumVisualStudioVersion = 10.0.40219.1
Project("{FAE04EC0-301F-11D3-BF4B-00C04F79EFBC}") = "SharpKit.MsTest", "src\SharpKit.MsTest\SharpKit.MsTest.csproj", "{EB62E933-F0F6-430C-BB6E-247F2D05849E}"
EndProject
Project("{FAE04EC0-301F-11D3-BF4B-00C04F79EFBC}") = "SharpKit.MsTest.UI", "src\SharpKit.MsTest.UI\SharpKit.MsTest.UI.csproj", "{44ECD1BF-58FB-473E-BAFB-A258938A7F6A}"
EndProject
Project("{FAE04EC0-301F-11D3-BF4B-00C04F79EFBC}") = "SharpKit.MsTest.Hosting", "src\SharpKit.MsTest.Hosting\SharpKit.MsTest.Hosting.csproj", "{E9090CF6-7F0A-4E00-9D64-A7F2CE046736}"
EndProject
Global
	GlobalSection(SolutionConfigurationPlatforms) = preSolution
		Debug|Any CPU = Debug|Any CPU
		Release|Any CPU = Release|Any CPU
	EndGlobalSection
	GlobalSection(ProjectConfigurationPlatforms) = postSolution
		{EB62E933-F0F6-430C-BB6E-247F2D05849E}.Debug|Any CPU.ActiveCfg = Debug|Any CPU
		{EB62E933-F0F6-430C-BB6E-247F2D05849E}.Debug|Any CPU.Build.0 = Debug|Any CPU
		{EB62E933-F0F6-430C-BB6E-247F2D05849E}.Release|Any CPU.ActiveCfg = Release|Any CPU
		{EB62E933-F0F6-430C-BB6E-247F2D05849E}.Release|Any CPU.Build.0 = Release|Any CPU
		{44ECD1BF-58FB-473E-BAFB-A258938A7F6A}.Debug|Any CPU.ActiveCfg = Debug|Any CPU
		{44ECD1BF-58FB-473E-BAFB-A258938A7F6A}.Debug|Any CPU.Build.0 = Debug|Any CPU
		{44ECD1BF-58FB-473E-BAFB-A258938A7F6A}.Release|Any CPU.ActiveCfg = Release|Any CPU
		{44ECD1BF-58FB-473E-BAFB-A258938A7F6A}.Release|Any CPU.Build.0 = Release|Any CPU
		{E9090CF6-7F0A-4E00-9D64-A7F2CE046736}.Debug|Any CPU.ActiveCfg = Debug|Any CPU
		{E9090CF6-7F0A-4E00-9D64-A7F2CE046736}.Debug|Any CPU.Build.0 = Debug|Any CPU
		{E9090CF6-7F0A-4E00-9D64-A7F2CE046736}.Release|Any CPU.ActiveCfg = Release|Any CPU
		{E9090CF6-7F0A-4E00-9D64-A7F2CE046736}.Release|Any CPU.Build.0 = Release|Any CPU
	EndGlobalSection
	GlobalSection(SolutionProperties) = preSolution
		HideSolutionNode = FALSE
	EndGlobalSection
EndGlobal
